
Microsoft Visual Studio Solution File, Format Version 12.00
# Visual Studio 15
VisualStudioVersion = 15.0.26124.0
MinimumVisualStudioVersion = 15.0.26124.0
Project("{2150E333-8FDC-42A3-9474-1A3956D46DE8}") = "tests", "tests", "{ACBEE43C-7A88-4FB1-9B06-DB064D22B29F}"
EndProject
Project("{F2A71F9B-5D33-465A-A702-920D77279786}") = "FSharp.Analyzer.Tests", "tests\FSharp.Analyzer.Tests\FSharp.Analyzer.Tests.fsproj", "{1CA2E092-2320-451D-A4F0-9ED7C7C528CA}"
EndProject
Project("{2150E333-8FDC-42A3-9474-1A3956D46DE8}") = "testData", "testData", "{9A91B441-BCA7-44A5-B2BA-67B8FCFC7DCB}"
EndProject
Project("{F2A71F9B-5D33-465A-A702-920D77279786}") = "OptionValue", "testData\OptionValue\OptionValue.fsproj", "{77F9DD06-A95D-4D2D-BBBE-ABE7DA076DB9}"
EndProject
Project("{2150E333-8FDC-42A3-9474-1A3956D46DE8}") = "src", "src", "{EEA6E2EC-2108-4E0B-B269-4D51C5573DCC}"
EndProject
Project("{F2A71F9B-5D33-465A-A702-920D77279786}") = "FSharp.Analyzer.Core", "src\FSharp.Analyzer.Core\FSharp.Analyzer.Core.fsproj", "{E1A338C1-A590-4022-A6C6-DF6CB101F921}"
EndProject
Global
	GlobalSection(SolutionConfigurationPlatforms) = preSolution
		Debug|Any CPU = Debug|Any CPU
		Debug|x64 = Debug|x64
		Debug|x86 = Debug|x86
		Release|Any CPU = Release|Any CPU
		Release|x64 = Release|x64
		Release|x86 = Release|x86
	EndGlobalSection
	GlobalSection(SolutionProperties) = preSolution
		HideSolutionNode = FALSE
	EndGlobalSection
	GlobalSection(ProjectConfigurationPlatforms) = postSolution
		{1CA2E092-2320-451D-A4F0-9ED7C7C528CA}.Debug|Any CPU.ActiveCfg = Debug|Any CPU
		{1CA2E092-2320-451D-A4F0-9ED7C7C528CA}.Debug|Any CPU.Build.0 = Debug|Any CPU
		{1CA2E092-2320-451D-A4F0-9ED7C7C528CA}.Debug|x64.ActiveCfg = Debug|x64
		{1CA2E092-2320-451D-A4F0-9ED7C7C528CA}.Debug|x64.Build.0 = Debug|x64
		{1CA2E092-2320-451D-A4F0-9ED7C7C528CA}.Debug|x86.ActiveCfg = Debug|x86
		{1CA2E092-2320-451D-A4F0-9ED7C7C528CA}.Debug|x86.Build.0 = Debug|x86
		{1CA2E092-2320-451D-A4F0-9ED7C7C528CA}.Release|Any CPU.ActiveCfg = Release|Any CPU
		{1CA2E092-2320-451D-A4F0-9ED7C7C528CA}.Release|Any CPU.Build.0 = Release|Any CPU
		{1CA2E092-2320-451D-A4F0-9ED7C7C528CA}.Release|x64.ActiveCfg = Release|x64
		{1CA2E092-2320-451D-A4F0-9ED7C7C528CA}.Release|x64.Build.0 = Release|x64
		{1CA2E092-2320-451D-A4F0-9ED7C7C528CA}.Release|x86.ActiveCfg = Release|x86
		{1CA2E092-2320-451D-A4F0-9ED7C7C528CA}.Release|x86.Build.0 = Release|x86
		{77F9DD06-A95D-4D2D-BBBE-ABE7DA076DB9}.Debug|Any CPU.ActiveCfg = Debug|Any CPU
		{77F9DD06-A95D-4D2D-BBBE-ABE7DA076DB9}.Debug|Any CPU.Build.0 = Debug|Any CPU
		{77F9DD06-A95D-4D2D-BBBE-ABE7DA076DB9}.Debug|x64.ActiveCfg = Debug|Any CPU
		{77F9DD06-A95D-4D2D-BBBE-ABE7DA076DB9}.Debug|x64.Build.0 = Debug|Any CPU
		{77F9DD06-A95D-4D2D-BBBE-ABE7DA076DB9}.Debug|x86.ActiveCfg = Debug|Any CPU
		{77F9DD06-A95D-4D2D-BBBE-ABE7DA076DB9}.Debug|x86.Build.0 = Debug|Any CPU
		{77F9DD06-A95D-4D2D-BBBE-ABE7DA076DB9}.Release|Any CPU.ActiveCfg = Release|Any CPU
		{77F9DD06-A95D-4D2D-BBBE-ABE7DA076DB9}.Release|Any CPU.Build.0 = Release|Any CPU
		{77F9DD06-A95D-4D2D-BBBE-ABE7DA076DB9}.Release|x64.ActiveCfg = Release|Any CPU
		{77F9DD06-A95D-4D2D-BBBE-ABE7DA076DB9}.Release|x64.Build.0 = Release|Any CPU
		{77F9DD06-A95D-4D2D-BBBE-ABE7DA076DB9}.Release|x86.ActiveCfg = Release|Any CPU
		{77F9DD06-A95D-4D2D-BBBE-ABE7DA076DB9}.Release|x86.Build.0 = Release|Any CPU
		{E1A338C1-A590-4022-A6C6-DF6CB101F921}.Debug|Any CPU.ActiveCfg = Debug|Any CPU
		{E1A338C1-A590-4022-A6C6-DF6CB101F921}.Debug|Any CPU.Build.0 = Debug|Any CPU
		{E1A338C1-A590-4022-A6C6-DF6CB101F921}.Debug|x64.ActiveCfg = Debug|Any CPU
		{E1A338C1-A590-4022-A6C6-DF6CB101F921}.Debug|x64.Build.0 = Debug|Any CPU
		{E1A338C1-A590-4022-A6C6-DF6CB101F921}.Debug|x86.ActiveCfg = Debug|Any CPU
		{E1A338C1-A590-4022-A6C6-DF6CB101F921}.Debug|x86.Build.0 = Debug|Any CPU
		{E1A338C1-A590-4022-A6C6-DF6CB101F921}.Release|Any CPU.ActiveCfg = Release|Any CPU
		{E1A338C1-A590-4022-A6C6-DF6CB101F921}.Release|Any CPU.Build.0 = Release|Any CPU
		{E1A338C1-A590-4022-A6C6-DF6CB101F921}.Release|x64.ActiveCfg = Release|Any CPU
		{E1A338C1-A590-4022-A6C6-DF6CB101F921}.Release|x64.Build.0 = Release|Any CPU
		{E1A338C1-A590-4022-A6C6-DF6CB101F921}.Release|x86.ActiveCfg = Release|Any CPU
		{E1A338C1-A590-4022-A6C6-DF6CB101F921}.Release|x86.Build.0 = Release|Any CPU
	EndGlobalSection
	GlobalSection(NestedProjects) = preSolution
		{1CA2E092-2320-451D-A4F0-9ED7C7C528CA} = {ACBEE43C-7A88-4FB1-9B06-DB064D22B29F}
		{77F9DD06-A95D-4D2D-BBBE-ABE7DA076DB9} = {9A91B441-BCA7-44A5-B2BA-67B8FCFC7DCB}
		{E1A338C1-A590-4022-A6C6-DF6CB101F921} = {EEA6E2EC-2108-4E0B-B269-4D51C5573DCC}
	EndGlobalSection
EndGlobal
